
Microsoft Visual Studio Solution File, Format Version 12.00
# Visual Studio Version 17
VisualStudioVersion = 17.5.001.0
MinimumVisualStudioVersion = 10.0.40219.1
Project("{9A19103F-16F7-4668-BE54-9A1E7A4F7556}") = "TgiTest", "TgiTest.csproj", "{FAB8C37A-4890-4BC7-95E2-974AA9B07798}"
EndProject
Global
	GlobalSection(SolutionConfigurationPlatforms) = preSolution
		Debug|Any CPU = Debug|Any CPU
		Release|Any CPU = Release|Any CPU
	EndGlobalSection
	GlobalSection(ProjectConfigurationPlatforms) = postSolution
		{FAB8C37A-4890-4BC7-95E2-974AA9B07798}.Debug|Any CPU.ActiveCfg = Debug|Any CPU
		{FAB8C37A-4890-4BC7-95E2-974AA9B07798}.Debug|Any CPU.Build.0 = Debug|Any CPU
		{FAB8C37A-4890-4BC7-95E2-974AA9B07798}.Release|Any CPU.ActiveCfg = Release|Any CPU
		{FAB8C37A-4890-4BC7-95E2-974AA9B07798}.Release|Any CPU.Build.0 = Release|Any CPU
	EndGlobalSection
	GlobalSection(SolutionProperties) = preSolution
		HideSolutionNode = FALSE
	EndGlobalSection
	GlobalSection(ExtensibilityGlobals) = postSolution
		SolutionGuid = {0262E6C5-94C2-4504-9AAE-60483372F6E2}
	EndGlobalSection
EndGlobal
